
Microsoft Visual Studio Solution File, Format Version 12.00
# Visual Studio Version 17
VisualStudioVersion = 17.7.34202.233
MinimumVisualStudioVersion = 10.0.40219.1
Project("{FAE04EC0-301F-11D3-BF4B-00C04F79EFBC}") = "WorkingDataTable", "WorkingDataTable.csproj", "{9338FFA9-BA70-4438-B57D-59FEE927E9CE}"
EndProject
Global
	GlobalSection(SolutionConfigurationPlatforms) = preSolution
		Debug|Any CPU = Debug|Any CPU
		Release|Any CPU = Release|Any CPU
	EndGlobalSection
	GlobalSection(ProjectConfigurationPlatforms) = postSolution
		{9338FFA9-BA70-4438-B57D-59FEE927E9CE}.Debug|Any CPU.ActiveCfg = Debug|Any CPU
		{9338FFA9-BA70-4438-B57D-59FEE927E9CE}.Debug|Any CPU.Build.0 = Debug|Any CPU
		{9338FFA9-BA70-4438-B57D-59FEE927E9CE}.Release|Any CPU.ActiveCfg = Release|Any CPU
		{9338FFA9-BA70-4438-B57D-59FEE927E9CE}.Release|Any CPU.Build.0 = Release|Any CPU
	EndGlobalSection
	GlobalSection(SolutionProperties) = preSolution
		HideSolutionNode = FALSE
	EndGlobalSection
	GlobalSection(ExtensibilityGlobals) = postSolution
		SolutionGuid = {B079BF02-582B-4AA9-9963-7A1369B32048}
	EndGlobalSection
EndGlobal
